
Microsoft Visual Studio Solution File, Format Version 12.00
# Visual Studio 2013
VisualStudioVersion = 12.0.30110.0
MinimumVisualStudioVersion = 10.0.40219.1
Project("{FAE04EC0-301F-11D3-BF4B-00C04F79EFBC}") = "ColorMine", "ColorMine\ColorMine.csproj", "{AE7DC769-4A71-49BA-BDD7-281F3E70B02A}"
EndProject
Project("{FAE04EC0-301F-11D3-BF4B-00C04F79EFBC}") = "ColorMine.Test", "ColorMine.Test\ColorMine.Test.csproj", "{318DFB24-B947-4B07-AFDB-561A262EB424}"
EndProject
Project("{FAE04EC0-301F-11D3-BF4B-00C04F79EFBC}") = "ColorMine.net35", "ColorMine.net35\ColorMine.net35.csproj", "{2BB66877-594C-40C3-A0D8-E742A6F2600A}"
	ProjectSection(ProjectDependencies) = postProject
		{AE7DC769-4A71-49BA-BDD7-281F3E70B02A} = {AE7DC769-4A71-49BA-BDD7-281F3E70B02A}
	EndProjectSection
EndProject
Project("{FAE04EC0-301F-11D3-BF4B-00C04F79EFBC}") = "ColorMine.net35.Test", "ColorMine.net35.Test\ColorMine.net35.Test.csproj", "{2CD5228F-8642-46AA-8D76-C430F80DD4B5}"
	ProjectSection(ProjectDependencies) = postProject
		{318DFB24-B947-4B07-AFDB-561A262EB424} = {318DFB24-B947-4B07-AFDB-561A262EB424}
	EndProjectSection
EndProject
Global
	GlobalSection(SolutionConfigurationPlatforms) = preSolution
		Debug|Any CPU = Debug|Any CPU
		NuGet|Any CPU = NuGet|Any CPU
		Release|Any CPU = Release|Any CPU
	EndGlobalSection
	GlobalSection(ProjectConfigurationPlatforms) = postSolution
		{AE7DC769-4A71-49BA-BDD7-281F3E70B02A}.Debug|Any CPU.ActiveCfg = Debug|Any CPU
		{AE7DC769-4A71-49BA-BDD7-281F3E70B02A}.Debug|Any CPU.Build.0 = Debug|Any CPU
		{AE7DC769-4A71-49BA-BDD7-281F3E70B02A}.NuGet|Any CPU.ActiveCfg = Release|Any CPU
		{AE7DC769-4A71-49BA-BDD7-281F3E70B02A}.NuGet|Any CPU.Build.0 = Release|Any CPU
		{AE7DC769-4A71-49BA-BDD7-281F3E70B02A}.Release|Any CPU.ActiveCfg = Release|Any CPU
		{AE7DC769-4A71-49BA-BDD7-281F3E70B02A}.Release|Any CPU.Build.0 = Release|Any CPU
		{318DFB24-B947-4B07-AFDB-561A262EB424}.Debug|Any CPU.ActiveCfg = Debug|Any CPU
		{318DFB24-B947-4B07-AFDB-561A262EB424}.Debug|Any CPU.Build.0 = Debug|Any CPU
		{318DFB24-B947-4B07-AFDB-561A262EB424}.NuGet|Any CPU.ActiveCfg = Release|Any CPU
		{318DFB24-B947-4B07-AFDB-561A262EB424}.NuGet|Any CPU.Build.0 = Release|Any CPU
		{318DFB24-B947-4B07-AFDB-561A262EB424}.Release|Any CPU.ActiveCfg = Release|Any CPU
		{318DFB24-B947-4B07-AFDB-561A262EB424}.Release|Any CPU.Build.0 = Release|Any CPU
		{2BB66877-594C-40C3-A0D8-E742A6F2600A}.Debug|Any CPU.ActiveCfg = Debug|Any CPU
		{2BB66877-594C-40C3-A0D8-E742A6F2600A}.Debug|Any CPU.Build.0 = Debug|Any CPU
		{2BB66877-594C-40C3-A0D8-E742A6F2600A}.NuGet|Any CPU.ActiveCfg = Release|Any CPU
		{2BB66877-594C-40C3-A0D8-E742A6F2600A}.NuGet|Any CPU.Build.0 = Release|Any CPU
		{2BB66877-594C-40C3-A0D8-E742A6F2600A}.Release|Any CPU.ActiveCfg = Release|Any CPU
		{2BB66877-594C-40C3-A0D8-E742A6F2600A}.Release|Any CPU.Build.0 = Release|Any CPU
		{2CD5228F-8642-46AA-8D76-C430F80DD4B5}.Debug|Any CPU.ActiveCfg = Debug|Any CPU
		{2CD5228F-8642-46AA-8D76-C430F80DD4B5}.Debug|Any CPU.Build.0 = Debug|Any CPU
		{2CD5228F-8642-46AA-8D76-C430F80DD4B5}.NuGet|Any CPU.ActiveCfg = Release|Any CPU
		{2CD5228F-8642-46AA-8D76-C430F80DD4B5}.NuGet|Any CPU.Build.0 = Release|Any CPU
		{2CD5228F-8642-46AA-8D76-C430F80DD4B5}.Release|Any CPU.ActiveCfg = Release|Any CPU
		{2CD5228F-8642-46AA-8D76-C430F80DD4B5}.Release|Any CPU.Build.0 = Release|Any CPU
	EndGlobalSection
	GlobalSection(SolutionProperties) = preSolution
		HideSolutionNode = FALSE
	EndGlobalSection
EndGlobal
